// !$*UTF8*$!
{
	archiveVersion = 1;
	classes = {
	};
	objectVersion = 56;
	objects = {

/* Begin PBXBuildFile section */
		F35EFC6B2AF24DDB00A0CFD3 /* Stock2App.swift in Sources */ = {isa = PBXBuildFile; fileRef = F35EFC6A2AF24DDB00A0CFD3 /* Stock2App.swift */; };
		F35EFC6D2AF24DDB00A0CFD3 /* ContentView.swift in Sources */ = {isa = PBXBuildFile; fileRef = F35EFC6C2AF24DDB00A0CFD3 /* ContentView.swift */; };
		F35EFC6F2AF24DDC00A0CFD3 /* Assets.xcassets in Resources */ = {isa = PBXBuildFile; fileRef = F35EFC6E2AF24DDC00A0CFD3 /* Assets.xcassets */; };
		F35EFC722AF24DDC00A0CFD3 /* Preview Assets.xcassets in Resources */ = {isa = PBXBuildFile; fileRef = F35EFC712AF24DDC00A0CFD3 /* Preview Assets.xcassets */; };
		F35EFC7C2AF24DDC00A0CFD3 /* Stock2Tests.swift in Sources */ = {isa = PBXBuildFile; fileRef = F35EFC7B2AF24DDC00A0CFD3 /* Stock2Tests.swift */; };
		F35EFC862AF24DDC00A0CFD3 /* Stock2UITests.swift in Sources */ = {isa = PBXBuildFile; fileRef = F35EFC852AF24DDC00A0CFD3 /* Stock2UITests.swift */; };
		F35EFC882AF24DDC00A0CFD3 /* Stock2UITestsLaunchTests.swift in Sources */ = {isa = PBXBuildFile; fileRef = F35EFC872AF24DDC00A0CFD3 /* Stock2UITestsLaunchTests.swift */; };
/* End PBXBuildFile section */

/* Begin PBXContainerItemProxy section */
		F35EFC782AF24DDC00A0CFD3 /* PBXContainerItemProxy */ = {
			isa = PBXContainerItemProxy;
			containerPortal = F35EFC5F2AF24DDB00A0CFD3 /* Project object */;
			proxyType = 1;
			remoteGlobalIDString = F35EFC662AF24DDB00A0CFD3;
			remoteInfo = Stock2;
		};
		F35EFC822AF24DDC00A0CFD3 /* PBXContainerItemProxy */ = {
			isa = PBXContainerItemProxy;
			containerPortal = F35EFC5F2AF24DDB00A0CFD3 /* Project object */;
			proxyType = 1;
			remoteGlobalIDString = F35EFC662AF24DDB00A0CFD3;
			remoteInfo = Stock2;
		};
/* End PBXContainerItemProxy section */

/* Begin PBXFileReference section */
		F35EFC672AF24DDB00A0CFD3 /* Stock2.app */ = {isa = PBXFileReference; explicitFileType = wrapper.application; includeInIndex = 0; path = Stock2.app; sourceTree = BUILT_PRODUCTS_DIR; };
		F35EFC6A2AF24DDB00A0CFD3 /* Stock2App.swift */ = {isa = PBXFileReference; lastKnownFileType = sourcecode.swift; path = Stock2App.swift; sourceTree = "<group>"; };
		F35EFC6C2AF24DDB00A0CFD3 /* ContentView.swift */ = {isa = PBXFileReference; lastKnownFileType = sourcecode.swift; path = ContentView.swift; sourceTree = "<group>"; };
		F35EFC6E2AF24DDC00A0CFD3 /* Assets.xcassets */ = {isa = PBXFileReference; lastKnownFileType = folder.assetcatalog; path = Assets.xcassets; sourceTree = "<group>"; };
		F35EFC712AF24DDC00A0CFD3 /* Preview Assets.xcassets */ = {isa = PBXFileReference; lastKnownFileType = folder.assetcatalog; path = "Preview Assets.xcassets"; sourceTree = "<group>"; };
		F35EFC772AF24DDC00A0CFD3 /* Stock2Tests.xctest */ = {isa = PBXFileReference; explicitFileType = wrapper.cfbundle; includeInIndex = 0; path = Stock2Tests.xctest; sourceTree = BUILT_PRODUCTS_DIR; };
		F35EFC7B2AF24DDC00A0CFD3 /* Stock2Tests.swift */ = {isa = PBXFileReference; lastKnownFileType = sourcecode.swift; path = Stock2Tests.swift; sourceTree = "<group>"; };
		F35EFC812AF24DDC00A0CFD3 /* Stock2UITests.xctest */ = {isa = PBXFileReference; explicitFileType = wrapper.cfbundle; includeInIndex = 0; path = Stock2UITests.xctest; sourceTree = BUILT_PRODUCTS_DIR; };
		F35EFC852AF24DDC00A0CFD3 /* Stock2UITests.swift */ = {isa = PBXFileReference; lastKnownFileType = sourcecode.swift; path = Stock2UITests.swift; sourceTree = "<group>"; };
		F35EFC872AF24DDC00A0CFD3 /* Stock2UITestsLaunchTests.swift */ = {isa = PBXFileReference; lastKnownFileType = sourcecode.swift; path = Stock2UITestsLaunchTests.swift; sourceTree = "<group>"; };
/* End PBXFileReference section */

/* Begin PBXFrameworksBuildPhase section */
		F35EFC642AF24DDB00A0CFD3 /* Frameworks */ = {
			isa = PBXFrameworksBuildPhase;
			buildActionMask = 2147483647;
			files = (
			);
			runOnlyForDeploymentPostprocessing = 0;
		};
		F35EFC742AF24DDC00A0CFD3 /* Frameworks */ = {
			isa = PBXFrameworksBuildPhase;
			buildActionMask = 2147483647;
			files = (
			);
			runOnlyForDeploymentPostprocessing = 0;
		};
		F35EFC7E2AF24DDC00A0CFD3 /* Frameworks */ = {
			isa = PBXFrameworksBuildPhase;
			buildActionMask = 2147483647;
			files = (
			);
			runOnlyForDeploymentPostprocessing = 0;
		};
/* End PBXFrameworksBuildPhase section */

/* Begin PBXGroup section */
		F35EFC5E2AF24DDB00A0CFD3 = {
			isa = PBXGroup;
			children = (
				F35EFC692AF24DDB00A0CFD3 /* Stock2 */,
				F35EFC7A2AF24DDC00A0CFD3 /* Stock2Tests */,
				F35EFC842AF24DDC00A0CFD3 /* Stock2UITests */,
				F35EFC682AF24DDB00A0CFD3 /* Products */,
			);
			sourceTree = "<group>";
		};
		F35EFC682AF24DDB00A0CFD3 /* Products */ = {
			isa = PBXGroup;
			children = (
				F35EFC672AF24DDB00A0CFD3 /* Stock2.app */,
				F35EFC772AF24DDC00A0CFD3 /* Stock2Tests.xctest */,
				F35EFC812AF24DDC00A0CFD3 /* Stock2UITests.xctest */,
			);
			name = Products;
			sourceTree = "<group>";
		};
		F35EFC692AF24DDB00A0CFD3 /* Stock2 */ = {
			isa = PBXGroup;
			children = (
				F35EFC6A2AF24DDB00A0CFD3 /* Stock2App.swift */,
				F35EFC6C2AF24DDB00A0CFD3 /* ContentView.swift */,
				F35EFC6E2AF24DDC00A0CFD3 /* Assets.xcassets */,
				F35EFC702AF24DDC00A0CFD3 /* Preview Content */,
			);
			path = Stock2;
			sourceTree = "<group>";
		};
		F35EFC702AF24DDC00A0CFD3 /* Preview Content */ = {
			isa = PBXGroup;
			children = (
				F35EFC712AF24DDC00A0CFD3 /* Preview Assets.xcassets */,
			);
			path = "Preview Content";
			sourceTree = "<group>";
		};
		F35EFC7A2AF24DDC00A0CFD3 /* Stock2Tests */ = {
			isa = PBXGroup;
			children = (
				F35EFC7B2AF24DDC00A0CFD3 /* Stock2Tests.swift */,
			);
			path = Stock2Tests;
			sourceTree = "<group>";
		};
		F35EFC842AF24DDC00A0CFD3 /* Stock2UITests */ = {
			isa = PBXGroup;
			children = (
				F35EFC852AF24DDC00A0CFD3 /* Stock2UITests.swift */,
				F35EFC872AF24DDC00A0CFD3 /* Stock2UITestsLaunchTests.swift */,
			);
			path = Stock2UITests;
			sourceTree = "<group>";
		};
/* End PBXGroup section */

/* Begin PBXNativeTarget section */
		F35EFC662AF24DDB00A0CFD3 /* Stock2 */ = {
			isa = PBXNativeTarget;
			buildConfigurationList = F35EFC8B2AF24DDC00A0CFD3 /* Build configuration list for PBXNativeTarget "Stock2" */;
			buildPhases = (
				F35EFC632AF24DDB00A0CFD3 /* Sources */,
				F35EFC642AF24DDB00A0CFD3 /* Frameworks */,
				F35EFC652AF24DDB00A0CFD3 /* Resources */,
			);
			buildRules = (
			);
			dependencies = (
			);
			name = Stock2;
			productName = Stock2;
			productReference = F35EFC672AF24DDB00A0CFD3 /* Stock2.app */;
			productType = "com.apple.product-type.application";
		};
		F35EFC762AF24DDC00A0CFD3 /* Stock2Tests */ = {
			isa = PBXNativeTarget;
			buildConfigurationList = F35EFC8E2AF24DDC00A0CFD3 /* Build configuration list for PBXNativeTarget "Stock2Tests" */;
			buildPhases = (
				F35EFC732AF24DDC00A0CFD3 /* Sources */,
				F35EFC742AF24DDC00A0CFD3 /* Frameworks */,
				F35EFC752AF24DDC00A0CFD3 /* Resources */,
			);
			buildRules = (
			);
			dependencies = (
				F35EFC792AF24DDC00A0CFD3 /* PBXTargetDependency */,
			);
			name = Stock2Tests;
			productName = Stock2Tests;
			productReference = F35EFC772AF24DDC00A0CFD3 /* Stock2Tests.xctest */;
			productType = "com.apple.product-type.bundle.unit-test";
		};
		F35EFC802AF24DDC00A0CFD3 /* Stock2UITests */ = {
			isa = PBXNativeTarget;
			buildConfigurationList = F35EFC912AF24DDC00A0CFD3 /* Build configuration list for PBXNativeTarget "Stock2UITests" */;
			buildPhases = (
				F35EFC7D2AF24DDC00A0CFD3 /* Sources */,
				F35EFC7E2AF24DDC00A0CFD3 /* Frameworks */,
				F35EFC7F2AF24DDC00A0CFD3 /* Resources */,
			);
			buildRules = (
			);
			dependencies = (
				F35EFC832AF24DDC00A0CFD3 /* PBXTargetDependency */,
			);
			name = Stock2UITests;
			productName = Stock2UITests;
			productReference = F35EFC812AF24DDC00A0CFD3 /* Stock2UITests.xctest */;
			productType = "com.apple.product-type.bundle.ui-testing";
		};
/* End PBXNativeTarget section */

/* Begin PBXProject section */
		F35EFC5F2AF24DDB00A0CFD3 /* Project object */ = {
			isa = PBXProject;
			attributes = {
				BuildIndependentTargetsInParallel = 1;
				LastSwiftUpdateCheck = 1430;
				LastUpgradeCheck = 1430;
				TargetAttributes = {
					F35EFC662AF24DDB00A0CFD3 = {
						CreatedOnToolsVersion = 14.3.1;
					};
					F35EFC762AF24DDC00A0CFD3 = {
						CreatedOnToolsVersion = 14.3.1;
						TestTargetID = F35EFC662AF24DDB00A0CFD3;
					};
					F35EFC802AF24DDC00A0CFD3 = {
						CreatedOnToolsVersion = 14.3.1;
						TestTargetID = F35EFC662AF24DDB00A0CFD3;
					};
				};
			};
			buildConfigurationList = F35EFC622AF24DDB00A0CFD3 /* Build configuration list for PBXProject "Stock2" */;
			compatibilityVersion = "Xcode 14.0";
			developmentRegion = en;
			hasScannedForEncodings = 0;
			knownRegions = (
				en,
				Base,
			);
			mainGroup = F35EFC5E2AF24DDB00A0CFD3;
			productRefGroup = F35EFC682AF24DDB00A0CFD3 /* Products */;
			projectDirPath = "";
			projectRoot = "";
			targets = (
				F35EFC662AF24DDB00A0CFD3 /* Stock2 */,
				F35EFC762AF24DDC00A0CFD3 /* Stock2Tests */,
				F35EFC802AF24DDC00A0CFD3 /* Stock2UITests */,
			);
		};
/* End PBXProject section */

/* Begin PBXResourcesBuildPhase section */
		F35EFC652AF24DDB00A0CFD3 /* Resources */ = {
			isa = PBXResourcesBuildPhase;
			buildActionMask = 2147483647;
			files = (
				F35EFC722AF24DDC00A0CFD3 /* Preview Assets.xcassets in Resources */,
				F35EFC6F2AF24DDC00A0CFD3 /* Assets.xcassets in Resources */,
			);
			runOnlyForDeploymentPostprocessing = 0;
		};
		F35EFC752AF24DDC00A0CFD3 /* Resources */ = {
			isa = PBXResourcesBuildPhase;
			buildActionMask = 2147483647;
			files = (
			);
			runOnlyForDeploymentPostprocessing = 0;
		};
		F35EFC7F2AF24DDC00A0CFD3 /* Resources */ = {
			isa = PBXResourcesBuildPhase;
			buildActionMask = 2147483647;
			files = (
			);
			runOnlyForDeploymentPostprocessing = 0;
		};
/* End PBXResourcesBuildPhase section */

/* Begin PBXSourcesBuildPhase section */
		F35EFC632AF24DDB00A0CFD3 /* Sources */ = {
			isa = PBXSourcesBuildPhase;
			buildActionMask = 2147483647;
			files = (
				F35EFC6D2AF24DDB00A0CFD3 /* ContentView.swift in Sources */,
				F35EFC6B2AF24DDB00A0CFD3 /* Stock2App.swift in Sources */,
			);
			runOnlyForDeploymentPostprocessing = 0;
		};
		F35EFC732AF24DDC00A0CFD3 /* Sources */ = {
			isa = PBXSourcesBuildPhase;
			buildActionMask = 2147483647;
			files = (
				F35EFC7C2AF24DDC00A0CFD3 /* Stock2Tests.swift in Sources */,
			);
			runOnlyForDeploymentPostprocessing = 0;
		};
		F35EFC7D2AF24DDC00A0CFD3 /* Sources */ = {
			isa = PBXSourcesBuildPhase;
			buildActionMask = 2147483647;
			files = (
				F35EFC882AF24DDC00A0CFD3 /* Stock2UITestsLaunchTests.swift in Sources */,
				F35EFC862AF24DDC00A0CFD3 /* Stock2UITests.swift in Sources */,
			);
			runOnlyForDeploymentPostprocessing = 0;
		};
/* End PBXSourcesBuildPhase section */

/* Begin PBXTargetDependency section */
		F35EFC792AF24DDC00A0CFD3 /* PBXTargetDependency */ = {
			isa = PBXTargetDependency;
			target = F35EFC662AF24DDB00A0CFD3 /* Stock2 */;
			targetProxy = F35EFC782AF24DDC00A0CFD3 /* PBXContainerItemProxy */;
		};
		F35EFC832AF24DDC00A0CFD3 /* PBXTargetDependency */ = {
			isa = PBXTargetDependency;
			target = F35EFC662AF24DDB00A0CFD3 /* Stock2 */;
			targetProxy = F35EFC822AF24DDC00A0CFD3 /* PBXContainerItemProxy */;
		};
/* End PBXTargetDependency section */

/* Begin XCBuildConfiguration section */
		F35EFC892AF24DDC00A0CFD3 /* Debug */ = {
			isa = XCBuildConfiguration;
			buildSettings = {
				ALWAYS_SEARCH_USER_PATHS = NO;
				CLANG_ANALYZER_NONNULL = YES;
				CLANG_ANALYZER_NUMBER_OBJECT_CONVERSION = YES_AGGRESSIVE;
				CLANG_CXX_LANGUAGE_STANDARD = "gnu++20";
				CLANG_ENABLE_MODULES = YES;
				CLANG_ENABLE_OBJC_ARC = YES;
				CLANG_ENABLE_OBJC_WEAK = YES;
				CLANG_WARN_BLOCK_CAPTURE_AUTORELEASING = YES;
				CLANG_WARN_BOOL_CONVERSION = YES;
				CLANG_WARN_COMMA = YES;
				CLANG_WARN_CONSTANT_CONVERSION = YES;
				CLANG_WARN_DEPRECATED_OBJC_IMPLEMENTATIONS = YES;
				CLANG_WARN_DIRECT_OBJC_ISA_USAGE = YES_ERROR;
				CLANG_WARN_DOCUMENTATION_COMMENTS = YES;
				CLANG_WARN_EMPTY_BODY = YES;
				CLANG_WARN_ENUM_CONVERSION = YES;
				CLANG_WARN_INFINITE_RECURSION = YES;
				CLANG_WARN_INT_CONVERSION = YES;
				CLANG_WARN_NON_LITERAL_NULL_CONVERSION = YES;
				CLANG_WARN_OBJC_IMPLICIT_RETAIN_SELF = YES;
				CLANG_WARN_OBJC_LITERAL_CONVERSION = YES;
				CLANG_WARN_OBJC_ROOT_CLASS = YES_ERROR;
				CLANG_WARN_QUOTED_INCLUDE_IN_FRAMEWORK_HEADER = YES;
				CLANG_WARN_RANGE_LOOP_ANALYSIS = YES;
				CLANG_WARN_STRICT_PROTOTYPES = YES;
				CLANG_WARN_SUSPICIOUS_MOVE = YES;
				CLANG_WARN_UNGUARDED_AVAILABILITY = YES_AGGRESSIVE;
				CLANG_WARN_UNREACHABLE_CODE = YES;
				CLANG_WARN__DUPLICATE_METHOD_MATCH = YES;
				COPY_PHASE_STRIP = NO;
				DEBUG_INFORMATION_FORMAT = dwarf;
				ENABLE_STRICT_OBJC_MSGSEND = YES;
				ENABLE_TESTABILITY = YES;
				GCC_C_LANGUAGE_STANDARD = gnu11;
				GCC_DYNAMIC_NO_PIC = NO;
				GCC_NO_COMMON_BLOCKS = YES;
				GCC_OPTIMIZATION_LEVEL = 0;
				GCC_PREPROCESSOR_DEFINITIONS = (
					"DEBUG=1",
					"$(inherited)",
				);
				GCC_WARN_64_TO_32_BIT_CONVERSION = YES;
				GCC_WARN_ABOUT_RETURN_TYPE = YES_ERROR;
				GCC_WARN_UNDECLARED_SELECTOR = YES;
				GCC_WARN_UNINITIALIZED_AUTOS = YES_AGGRESSIVE;
				GCC_WARN_UNUSED_FUNCTION = YES;
				GCC_WARN_UNUSED_VARIABLE = YES;
				IPHONEOS_DEPLOYMENT_TARGET = 16.4;
				MTL_ENABLE_DEBUG_INFO = INCLUDE_SOURCE;
				MTL_FAST_MATH = YES;
				ONLY_ACTIVE_ARCH = YES;
				SDKROOT = iphoneos;
				SWIFT_ACTIVE_COMPILATION_CONDITIONS = DEBUG;
				SWIFT_OPTIMIZATION_LEVEL = "-Onone";
			};
			name = Debug;
		};
		F35EFC8A2AF24DDC00A0CFD3 /* Release */ = {
			isa = XCBuildConfiguration;
			buildSettings = {
				ALWAYS_SEARCH_USER_PATHS = NO;
				CLANG_ANALYZER_NONNULL = YES;
				CLANG_ANALYZER_NUMBER_OBJECT_CONVERSION = YES_AGGRESSIVE;
				CLANG_CXX_LANGUAGE_STANDARD = "gnu++20";
				CLANG_ENABLE_MODULES = YES;
				CLANG_ENABLE_OBJC_ARC = YES;
				CLANG_ENABLE_OBJC_WEAK = YES;
				CLANG_WARN_BLOCK_CAPTURE_AUTORELEASING = YES;
				CLANG_WARN_BOOL_CONVERSION = YES;
				CLANG_WARN_COMMA = YES;
				CLANG_WARN_CONSTANT_CONVERSION = YES;
				CLANG_WARN_DEPRECATED_OBJC_IMPLEMENTATIONS = YES;
				CLANG_WARN_DIRECT_OBJC_ISA_USAGE = YES_ERROR;
				CLANG_WARN_DOCUMENTATION_COMMENTS = YES;
				CLANG_WARN_EMPTY_BODY = YES;
				CLANG_WARN_ENUM_CONVERSION = YES;
				CLANG_WARN_INFINITE_RECURSION = YES;
				CLANG_WARN_INT_CONVERSION = YES;
				CLANG_WARN_NON_LITERAL_NULL_CONVERSION = YES;
				CLANG_WARN_OBJC_IMPLICIT_RETAIN_SELF = YES;
				CLANG_WARN_OBJC_LITERAL_CONVERSION = YES;
				CLANG_WARN_OBJC_ROOT_CLASS = YES_ERROR;
				CLANG_WARN_QUOTED_INCLUDE_IN_FRAMEWORK_HEADER = YES;
				CLANG_WARN_RANGE_LOOP_ANALYSIS = YES;
				CLANG_WARN_STRICT_PROTOTYPES = YES;
				CLANG_WARN_SUSPICIOUS_MOVE = YES;
				CLANG_WARN_UNGUARDED_AVAILABILITY = YES_AGGRESSIVE;
				CLANG_WARN_UNREACHABLE_CODE = YES;
				CLANG_WARN__DUPLICATE_METHOD_MATCH = YES;
				COPY_PHASE_STRIP = NO;
				DEBUG_INFORMATION_FORMAT = "dwarf-with-dsym";
				ENABLE_NS_ASSERTIONS = NO;
				ENABLE_STRICT_OBJC_MSGSEND = YES;
				GCC_C_LANGUAGE_STANDARD = gnu11;
				GCC_NO_COMMON_BLOCKS = YES;
				GCC_WARN_64_TO_32_BIT_CONVERSION = YES;
				GCC_WARN_ABOUT_RETURN_TYPE = YES_ERROR;
				GCC_WARN_UNDECLARED_SELECTOR = YES;
				GCC_WARN_UNINITIALIZED_AUTOS = YES_AGGRESSIVE;
				GCC_WARN_UNUSED_FUNCTION = YES;
				GCC_WARN_UNUSED_VARIABLE = YES;
				IPHONEOS_DEPLOYMENT_TARGET = 16.4;
				MTL_ENABLE_DEBUG_INFO = NO;
				MTL_FAST_MATH = YES;
				SDKROOT = iphoneos;
				SWIFT_COMPILATION_MODE = wholemodule;
				SWIFT_OPTIMIZATION_LEVEL = "-O";
				VALIDATE_PRODUCT = YES;
			};
			name = Release;
		};
		F35EFC8C2AF24DDC00A0CFD3 /* Debug */ = {
			isa = XCBuildConfiguration;
			buildSettings = {
				ASSETCATALOG_COMPILER_APPICON_NAME = AppIcon;
				ASSETCATALOG_COMPILER_GLOBAL_ACCENT_COLOR_NAME = AccentColor;
				CODE_SIGN_STYLE = Automatic;
				CURRENT_PROJECT_VERSION = 1;
				DEVELOPMENT_ASSET_PATHS = "\"Stock2/Preview Content\"";
				ENABLE_PREVIEWS = YES;
				GENERATE_INFOPLIST_FILE = YES;
				INFOPLIST_KEY_UIApplicationSceneManifest_Generation = YES;
				INFOPLIST_KEY_UIApplicationSupportsIndirectInputEvents = YES;
				INFOPLIST_KEY_UILaunchScreen_Generation = YES;
				INFOPLIST_KEY_UISupportedInterfaceOrientations_iPad = "UIInterfaceOrientationPortrait UIInterfaceOrientationPortraitUpsideDown UIInterfaceOrientationLandscapeLeft UIInterfaceOrientationLandscapeRight";
				INFOPLIST_KEY_UISupportedInterfaceOrientations_iPhone = "UIInterfaceOrientationPortrait UIInterfaceOrientationLandscapeLeft UIInterfaceOrientationLandscapeRight";
				LD_RUNPATH_SEARCH_PATHS = (
					"$(inherited)",
					"@executable_path/Frameworks",
				);
				MARKETING_VERSION = 1.0;
				PRODUCT_BUNDLE_IDENTIFIER = com.example.Stock2;
				PRODUCT_NAME = "$(TARGET_NAME)";
				SWIFT_EMIT_LOC_STRINGS = YES;
				SWIFT_VERSION = 5.0;
				TARGETED_DEVICE_FAMILY = "1,2";
			};
			name = Debug;
		};
		F35EFC8D2AF24DDC00A0CFD3 /* Release */ = {
			isa = XCBuildConfiguration;
			buildSettings = {
				ASSETCATALOG_COMPILER_APPICON_NAME = AppIcon;
				ASSETCATALOG_COMPILER_GLOBAL_ACCENT_COLOR_NAME = AccentColor;
				CODE_SIGN_STYLE = Automatic;
				CURRENT_PROJECT_VERSION = 1;
				DEVELOPMENT_ASSET_PATHS = "\"Stock2/Preview Content\"";
				ENABLE_PREVIEWS = YES;
				GENERATE_INFOPLIST_FILE = YES;
				INFOPLIST_KEY_UIApplicationSceneManifest_Generation = YES;
				INFOPLIST_KEY_UIApplicationSupportsIndirectInputEvents = YES;
				INFOPLIST_KEY_UILaunchScreen_Generation = YES;
				INFOPLIST_KEY_UISupportedInterfaceOrientations_iPad = "UIInterfaceOrientationPortrait UIInterfaceOrientationPortraitUpsideDown UIInterfaceOrientationLandscapeLeft UIInterfaceOrientationLandscapeRight";
				INFOPLIST_KEY_UISupportedInterfaceOrientations_iPhone = "UIInterfaceOrientationPortrait UIInterfaceOrientationLandscapeLeft UIInterfaceOrientationLandscapeRight";
				LD_RUNPATH_SEARCH_PATHS = (
					"$(inherited)",
					"@executable_path/Frameworks",
				);
				MARKETING_VERSION = 1.0;
				PRODUCT_BUNDLE_IDENTIFIER = com.example.Stock2;
				PRODUCT_NAME = "$(TARGET_NAME)";
				SWIFT_EMIT_LOC_STRINGS = YES;
				SWIFT_VERSION = 5.0;
				TARGETED_DEVICE_FAMILY = "1,2";
			};
			name = Release;
		};
		F35EFC8F2AF24DDC00A0CFD3 /* Debug */ = {
			isa = XCBuildConfiguration;
			buildSettings = {
				ALWAYS_EMBED_SWIFT_STANDARD_LIBRARIES = YES;
				BUNDLE_LOADER = "$(TEST_HOST)";
				CODE_SIGN_STYLE = Automatic;
				CURRENT_PROJECT_VERSION = 1;
				GENERATE_INFOPLIST_FILE = YES;
				IPHONEOS_DEPLOYMENT_TARGET = 16.4;
				MARKETING_VERSION = 1.0;
				PRODUCT_BUNDLE_IDENTIFIER = com.example.Stock2Tests;
				PRODUCT_NAME = "$(TARGET_NAME)";
				SWIFT_EMIT_LOC_STRINGS = NO;
				SWIFT_VERSION = 5.0;
				TARGETED_DEVICE_FAMILY = "1,2";
				TEST_HOST = "$(BUILT_PRODUCTS_DIR)/Stock2.app/$(BUNDLE_EXECUTABLE_FOLDER_PATH)/Stock2";
			};
			name = Debug;
		};
		F35EFC902AF24DDC00A0CFD3 /* Release */ = {
			isa = XCBuildConfiguration;
			buildSettings = {
				ALWAYS_EMBED_SWIFT_STANDARD_LIBRARIES = YES;
				BUNDLE_LOADER = "$(TEST_HOST)";
				CODE_SIGN_STYLE = Automatic;
				CURRENT_PROJECT_VERSION = 1;
				GENERATE_INFOPLIST_FILE = YES;
				IPHONEOS_DEPLOYMENT_TARGET = 16.4;
				MARKETING_VERSION = 1.0;
				PRODUCT_BUNDLE_IDENTIFIER = com.example.Stock2Tests;
				PRODUCT_NAME = "$(TARGET_NAME)";
				SWIFT_EMIT_LOC_STRINGS = NO;
				SWIFT_VERSION = 5.0;
				TARGETED_DEVICE_FAMILY = "1,2";
				TEST_HOST = "$(BUILT_PRODUCTS_DIR)/Stock2.app/$(BUNDLE_EXECUTABLE_FOLDER_PATH)/Stock2";
			};
			name = Release;
		};
		F35EFC922AF24DDC00A0CFD3 /* Debug */ = {
			isa = XCBuildConfiguration;
			buildSettings = {
				ALWAYS_EMBED_SWIFT_STANDARD_LIBRARIES = YES;
				CODE_SIGN_STYLE = Automatic;
				CURRENT_PROJECT_VERSION = 1;
				GENERATE_INFOPLIST_FILE = YES;
				MARKETING_VERSION = 1.0;
				PRODUCT_BUNDLE_IDENTIFIER = com.example.Stock2UITests;
				PRODUCT_NAME = "$(TARGET_NAME)";
				SWIFT_EMIT_LOC_STRINGS = NO;
				SWIFT_VERSION = 5.0;
				TARGETED_DEVICE_FAMILY = "1,2";
				TEST_TARGET_NAME = Stock2;
			};
			name = Debug;
		};
		F35EFC932AF24DDC00A0CFD3 /* Release */ = {
			isa = XCBuildConfiguration;
			buildSettings = {
				ALWAYS_EMBED_SWIFT_STANDARD_LIBRARIES = YES;
				CODE_SIGN_STYLE = Automatic;
				CURRENT_PROJECT_VERSION = 1;
				GENERATE_INFOPLIST_FILE = YES;
				MARKETING_VERSION = 1.0;
				PRODUCT_BUNDLE_IDENTIFIER = com.example.Stock2UITests;
				PRODUCT_NAME = "$(TARGET_NAME)";
				SWIFT_EMIT_LOC_STRINGS = NO;
				SWIFT_VERSION = 5.0;
				TARGETED_DEVICE_FAMILY = "1,2";
				TEST_TARGET_NAME = Stock2;
			};
			name = Release;
		};
/* End XCBuildConfiguration section */

/* Begin XCConfigurationList section */
		F35EFC622AF24DDB00A0CFD3 /* Build configuration list for PBXProject "Stock2" */ = {
			isa = XCConfigurationList;
			buildConfigurations = (
				F35EFC892AF24DDC00A0CFD3 /* Debug */,
				F35EFC8A2AF24DDC00A0CFD3 /* Release */,
			);
			defaultConfigurationIsVisible = 0;
			defaultConfigurationName = Release;
		};
		F35EFC8B2AF24DDC00A0CFD3 /* Build configuration list for PBXNativeTarget "Stock2" */ = {
			isa = XCConfigurationList;
			buildConfigurations = (
				F35EFC8C2AF24DDC00A0CFD3 /* Debug */,
				F35EFC8D2AF24DDC00A0CFD3 /* Release */,
			);
			defaultConfigurationIsVisible = 0;
			defaultConfigurationName = Release;
		};
		F35EFC8E2AF24DDC00A0CFD3 /* Build configuration list for PBXNativeTarget "Stock2Tests" */ = {
			isa = XCConfigurationList;
			buildConfigurations = (
				F35EFC8F2AF24DDC00A0CFD3 /* Debug */,
				F35EFC902AF24DDC00A0CFD3 /* Release */,
			);
			defaultConfigurationIsVisible = 0;
			defaultConfigurationName = Release;
		};
		F35EFC912AF24DDC00A0CFD3 /* Build configuration list for PBXNativeTarget "Stock2UITests" */ = {
			isa = XCConfigurationList;
			buildConfigurations = (
				F35EFC922AF24DDC00A0CFD3 /* Debug */,
				F35EFC932AF24DDC00A0CFD3 /* Release */,
			);
			defaultConfigurationIsVisible = 0;
			defaultConfigurationName = Release;
		};
/* End XCConfigurationList section */
	};
	rootObject = F35EFC5F2AF24DDB00A0CFD3 /* Project object */;
}
